
Microsoft Visual Studio Solution File, Format Version 12.00
# Visual Studio Version 17
VisualStudioVersion = 17.14.36202.13
MinimumVisualStudioVersion = 10.0.40219.1
Project("{FAE04EC0-301F-11D3-BF4B-00C04F79EFBC}") = "HelloWorld", "HelloWorld\HelloWorld.csproj", "{91F8FBA7-7DC8-4C75-975E-3ED239176783}"
EndProject
Project("{FAE04EC0-301F-11D3-BF4B-00C04F79EFBC}") = "02_Varibalen", "02_Varibalen\02_Varibalen.csproj", "{929DC827-B9CA-4BD9-8F21-A75107676CD8}"
EndProject
Project("{FAE04EC0-301F-11D3-BF4B-00C04F79EFBC}") = "03_UserInteraction", "03_UserInteraction\03_UserInteraction.csproj", "{A22CF310-1DCD-496F-883A-8927A33E1D49}"
EndProject
Project("{FAE04EC0-301F-11D3-BF4B-00C04F79EFBC}") = "04_Casting_und_Umwandlung", "04_Casting_und_Umwandlung\04_Casting_und_Umwandlung.csproj", "{16E03A36-6141-4220-A268-05248B9D21CD}"
EndProject
Project("{2150E333-8FDC-42A3-9474-1A3956D46DE8}") = "RandNotizen", "RandNotizen", "{02EA681E-C7D8-13C7-8484-4AC65E1B71E8}"
EndProject
Project("{FAE04EC0-301F-11D3-BF4B-00C04F79EFBC}") = "04_Casting_Notes", "04_Casting_Notes\04_Casting_Notes.csproj", "{94720F82-6786-42E0-83E2-337F6BF6D39E}"
EndProject
Project("{FAE04EC0-301F-11D3-BF4B-00C04F79EFBC}") = "05_Verzweigungen", "05_Verzweigungen\05_Verzweigungen.csproj", "{72FC5A06-632D-416C-95C2-16477081FC1A}"
EndProject
Project("{2150E333-8FDC-42A3-9474-1A3956D46DE8}") = "05_Aufgaben", "05_Aufgaben", "{BAC901E3-C73B-4323-9CE8-F532BF6EE9B2}"
EndProject
Project("{FAE04EC0-301F-11D3-BF4B-00C04F79EFBC}") = "05_Verzweigungen_Aufgabe", "05_Aufgaben\05_Verzweigungen_Aufgabe\05_Verzweigungen_Aufgabe.csproj", "{EBC40E81-5015-46F0-9304-8527C6258FF0}"
EndProject
Project("{FAE04EC0-301F-11D3-BF4B-00C04F79EFBC}") = "05_Verzweigungen_Aufgabe_Dateitypen_GPT", "05_Aufgaben\05_Verzweigungen_Aufgabe_Dateitypen\05_Verzweigungen_Aufgabe_Dateitypen_GPT.csproj", "{0FE5EB1B-F195-6CF8-145D-21863E2DB0A4}"
EndProject
Project("{FAE04EC0-301F-11D3-BF4B-00C04F79EFBC}") = "05_Verzweigungen_Aufgabe_Dateitypen_", "05_Aufgaben\05_Verzweigungen_Aufgabe_Dateitypen_\05_Verzweigungen_Aufgabe_Dateitypen_.csproj", "{AAEAA442-4DCD-2632-729C-DCF3318E0E37}"
EndProject
Project("{FAE04EC0-301F-11D3-BF4B-00C04F79EFBC}") = "Promillerechner", "05_Aufgaben\Promillerechner\Promillerechner.csproj", "{A2235633-D85A-0E57-7BEF-150FE3895801}"
EndProject
Project("{FAE04EC0-301F-11D3-BF4B-00C04F79EFBC}") = "TypDeteltiv", "05_Aufgaben\TypDeteltiv\TypDeteltiv.csproj", "{AF86F0B9-F523-9333-1E0A-FC47B5E9F47D}"
EndProject
Project("{FAE04EC0-301F-11D3-BF4B-00C04F79EFBC}") = "WetterCondition", "05_Aufgaben\WetterCondition\WetterCondition.csproj", "{4B63946E-C13A-4F8A-AF91-1512789084D8}"
EndProject
Project("{2150E333-8FDC-42A3-9474-1A3956D46DE8}") = "06_Aufgaben", "06_Aufgaben", "{9B381684-787D-4BAF-9355-8E3DA7B7B006}"
EndProject
Project("{FAE04EC0-301F-11D3-BF4B-00C04F79EFBC}") = "switchaufgabe01", "06_Aufgaben\switchaufgabe01\switchaufgabe01.csproj", "{77181A0F-03B9-48FB-B25D-841016FF7A0A}"
EndProject
Project("{2150E333-8FDC-42A3-9474-1A3956D46DE8}") = "06_Switch_n_Loops", "06_Switch_n_Loops", "{364E8A57-0650-4EC5-B1DB-3454153B97DC}"
EndProject
Project("{FAE04EC0-301F-11D3-BF4B-00C04F79EFBC}") = "06_Switch", "06_Switch_n_Loops\_01Switch-Anweisung\06_Switch.csproj", "{4249699A-44D3-4569-2A52-95907905F0F8}"
EndProject
Project("{FAE04EC0-301F-11D3-BF4B-00C04F79EFBC}") = "_02aFor-Schleife", "06_Switch_n_Loops\_02aFor-Schleife\_02aFor-Schleife.csproj", "{F514DD83-852D-9C21-6270-C40474AAB8C7}"
EndProject
Project("{FAE04EC0-301F-11D3-BF4B-00C04F79EFBC}") = "_02bWhile-Schleife", "06_Switch_n_Loops\_02bWhile-Schleife\_02bWhile-Schleife.csproj", "{482CF61D-BE42-F481-2E6F-0C36F4A41069}"
EndProject
Project("{FAE04EC0-301F-11D3-BF4B-00C04F79EFBC}") = "06_for_aufgabe01", "06_Aufgaben\06_for_aufgabe01\06_for_aufgabe01.csproj", "{8120DD51-E04B-4403-92B9-8F8BD7B9CF3E}"
EndProject
Project("{FAE04EC0-301F-11D3-BF4B-00C04F79EFBC}") = "06_while_n_do_while_aufgabe01", "06_Aufgaben\06_while_n_do_while_aufgabe01\06_while_n_do_while_aufgabe01.csproj", "{E708E19B-8834-4F6A-BC05-0008E605B124}"
EndProject
Project("{FAE04EC0-301F-11D3-BF4B-00C04F79EFBC}") = "Taschenrechner_Aufgabe01", "06_Aufgaben\Taschenrechner_Aufgabe01\Taschenrechner_Aufgabe01.csproj", "{8AD9B4DE-2B84-402F-AC17-0ACA06B3460D}"
EndProject
Project("{2150E333-8FDC-42A3-9474-1A3956D46DE8}") = "07_Aufgaben", "07_Aufgaben", "{EB831EF6-7C27-4480-8664-108932ABADA2}"
EndProject
Project("{FAE04EC0-301F-11D3-BF4B-00C04F79EFBC}") = "07_Arrays", "07_Arrays\07_Arrays.csproj", "{16BD68A3-30C2-4E12-B514-E5F6EA055A88}"
EndProject
Project("{FAE04EC0-301F-11D3-BF4B-00C04F79EFBC}") = "07_DivisionDurch0", "07_DivisionDurch0\07_DivisionDurch0.csproj", "{E27A2823-2BE8-48C2-9C47-0ABF0FB60A0A}"
EndProject
Project("{FAE04EC0-301F-11D3-BF4B-00C04F79EFBC}") = "07_Zufallszahlen", "07_Zufallszahlen\07_Zufallszahlen.csproj", "{E4450726-613E-4C6A-9DCA-E0607A87F60F}"
EndProject
Project("{FAE04EC0-301F-11D3-BF4B-00C04F79EFBC}") = "07_Lotto", "07_Aufagen\07_Lotto\07_Lotto.csproj", "{95B53C3A-24DB-4FD6-A67C-9D4049190AFB}"
EndProject
Project("{FAE04EC0-301F-11D3-BF4B-00C04F79EFBC}") = "07_Typkonvertierung", "07_Typkonvertierung\07_Typkonvertierung.csproj", "{5D54AB8D-CB05-4FED-A27A-842119D651C0}"
EndProject
Project("{FAE04EC0-301F-11D3-BF4B-00C04F79EFBC}") = "07_Schaltjahr", "07_Schaltjahr\07_Schaltjahr.csproj", "{31ADB18F-C7F4-4E4D-AACF-9DF18E8735C8}"
EndProject
Project("{FAE04EC0-301F-11D3-BF4B-00C04F79EFBC}") = "08_Modulo", "08_Modulo\08_Modulo.csproj", "{E8410B91-0E22-4BFA-9DC1-C8A27F306F99}"
EndProject
Project("{FAE04EC0-301F-11D3-BF4B-00C04F79EFBC}") = "Datum_und_Zeit", "Datum_und_Zeit\Datum_und_Zeit.csproj", "{BD5B853F-ED0B-4DC3-878A-861EF97F988E}"
EndProject
Project("{FAE04EC0-301F-11D3-BF4B-00C04F79EFBC}") = "08_Wassermelone", "08_Aufgaben\08_Wassermelone\08_Wassermelone.csproj", "{C3213813-62CE-4022-BE61-BCBF73E6F708}"
EndProject
Project("{2150E333-8FDC-42A3-9474-1A3956D46DE8}") = "08_Aufgaben", "08_Aufgaben", "{64609468-6933-45BE-B694-F09FF18EC3EB}"
EndProject
Project("{FAE04EC0-301F-11D3-BF4B-00C04F79EFBC}") = "09_Methoden01", "09_Methoden01\09_Methoden01.csproj", "{3642C729-7AAF-4495-87F5-EF1D771653D6}"
EndProject
Project("{FAE04EC0-301F-11D3-BF4B-00C04F79EFBC}") = "09_Methoden02_Ueberladung", "09_Methoden02\09_Methoden02_Ueberladung.csproj", "{B6D8C99F-9CAD-444D-93B7-E665678A8E98}"
EndProject
Project("{FAE04EC0-301F-11D3-BF4B-00C04F79EFBC}") = "09_Methoden03_MehrereRueckgabeWerte", "09_Methoden03_MehrereRueckgabeWerte\09_Methoden03_MehrereRueckgabeWerte.csproj", "{AF32AB33-25A9-4C09-8821-EDAF16058659}"
EndProject
Project("{FAE04EC0-301F-11D3-BF4B-00C04F79EFBC}") = "09_Methoden04_Beispiel", "09_Methoden04_Beispiel\09_Methoden04_Beispiel.csproj", "{B7B4F2B2-9A7F-4DC6-AAE2-CCB2F7737535}"
EndProject
Project("{FAE04EC0-301F-11D3-BF4B-00C04F79EFBC}") = "09_Brauerei", "09_Aufgaben\09_Brauerei\09_Brauerei.csproj", "{31DDE4B6-F223-4C58-BD14-132B2D7FC8DF}"
EndProject
Project("{2150E333-8FDC-42A3-9474-1A3956D46DE8}") = "09_Aufgaben", "09_Aufgaben", "{868167B6-A22E-4919-81FB-4ECC71206A60}"
EndProject
Project("{FAE04EC0-301F-11D3-BF4B-00C04F79EFBC}") = "10_OOP01", "10_OOP01\10_OOP01.csproj", "{2D2DC9E0-C74E-4B48-B8DC-61AB6EEB9930}"
EndProject
Project("{FAE04EC0-301F-11D3-BF4B-00C04F79EFBC}") = "10_Datenkapselung_OOP01", "10_Datenkapselung_OOP01\10_Datenkapselung_OOP01.csproj", "{B8704B94-0A24-487A-AB00-FDCFA5FBF084}"
EndProject
Project("{FAE04EC0-301F-11D3-BF4B-00C04F79EFBC}") = "10_Aufgabe01_Person", "10_Aufgaben\10_Aufgabe01_Person\10_Aufgabe01_Person.csproj", "{E39DDAEE-CB97-47BB-B600-8E2FFB8E89C7}"
EndProject
Project("{2150E333-8FDC-42A3-9474-1A3956D46DE8}") = "10_Aufgaben", "10_Aufgaben", "{5BA9F289-C57E-49F3-88DA-E87CB157CF42}"
EndProject
Project("{FAE04EC0-301F-11D3-BF4B-00C04F79EFBC}") = "10_Aufgabe02_Konto", "10_Aufgaben\10_Aufgabe02_Konto\10_Aufgabe02_Konto.csproj", "{D6CD1423-2505-4E28-9F4C-84F07B81E8AC}"
EndProject
Project("{FAE04EC0-301F-11D3-BF4B-00C04F79EFBC}") = "10_Listen", "10_Listen\10_Listen.csproj", "{6D45613F-FFD9-45B9-843A-829C52D6E51A}"
EndProject
Project("{FAE04EC0-301F-11D3-BF4B-00C04F79EFBC}") = "10_Einkaufsliste_OOP02", "10_Einkaufsliste_OOP02\10_Einkaufsliste_OOP02.csproj", "{ABD0DDA9-B791-4BFC-99B1-B7E4D828965F}"
EndProject
Project("{FAE04EC0-301F-11D3-BF4B-00C04F79EFBC}") = "10_Aufgabe03_RechnerOOP", "10_Aufgaben\10_Aufgabe03_RechnerOOP\10_Aufgabe03_RechnerOOP.csproj", "{578F0E0A-04EB-4365-919D-8B20954F44EA}"
EndProject
Global
	GlobalSection(SolutionConfigurationPlatforms) = preSolution
		Debug|Any CPU = Debug|Any CPU
		Release|Any CPU = Release|Any CPU
	EndGlobalSection
	GlobalSection(ProjectConfigurationPlatforms) = postSolution
		{91F8FBA7-7DC8-4C75-975E-3ED239176783}.Debug|Any CPU.ActiveCfg = Debug|Any CPU
		{91F8FBA7-7DC8-4C75-975E-3ED239176783}.Debug|Any CPU.Build.0 = Debug|Any CPU
		{91F8FBA7-7DC8-4C75-975E-3ED239176783}.Release|Any CPU.ActiveCfg = Release|Any CPU
		{91F8FBA7-7DC8-4C75-975E-3ED239176783}.Release|Any CPU.Build.0 = Release|Any CPU
		{929DC827-B9CA-4BD9-8F21-A75107676CD8}.Debug|Any CPU.ActiveCfg = Debug|Any CPU
		{929DC827-B9CA-4BD9-8F21-A75107676CD8}.Debug|Any CPU.Build.0 = Debug|Any CPU
		{929DC827-B9CA-4BD9-8F21-A75107676CD8}.Release|Any CPU.ActiveCfg = Release|Any CPU
		{929DC827-B9CA-4BD9-8F21-A75107676CD8}.Release|Any CPU.Build.0 = Release|Any CPU
		{A22CF310-1DCD-496F-883A-8927A33E1D49}.Debug|Any CPU.ActiveCfg = Debug|Any CPU
		{A22CF310-1DCD-496F-883A-8927A33E1D49}.Debug|Any CPU.Build.0 = Debug|Any CPU
		{A22CF310-1DCD-496F-883A-8927A33E1D49}.Release|Any CPU.ActiveCfg = Release|Any CPU
		{A22CF310-1DCD-496F-883A-8927A33E1D49}.Release|Any CPU.Build.0 = Release|Any CPU
		{16E03A36-6141-4220-A268-05248B9D21CD}.Debug|Any CPU.ActiveCfg = Debug|Any CPU
		{16E03A36-6141-4220-A268-05248B9D21CD}.Debug|Any CPU.Build.0 = Debug|Any CPU
		{16E03A36-6141-4220-A268-05248B9D21CD}.Release|Any CPU.ActiveCfg = Release|Any CPU
		{16E03A36-6141-4220-A268-05248B9D21CD}.Release|Any CPU.Build.0 = Release|Any CPU
		{94720F82-6786-42E0-83E2-337F6BF6D39E}.Debug|Any CPU.ActiveCfg = Debug|Any CPU
		{94720F82-6786-42E0-83E2-337F6BF6D39E}.Debug|Any CPU.Build.0 = Debug|Any CPU
		{94720F82-6786-42E0-83E2-337F6BF6D39E}.Release|Any CPU.ActiveCfg = Release|Any CPU
		{94720F82-6786-42E0-83E2-337F6BF6D39E}.Release|Any CPU.Build.0 = Release|Any CPU
		{72FC5A06-632D-416C-95C2-16477081FC1A}.Debug|Any CPU.ActiveCfg = Debug|Any CPU
		{72FC5A06-632D-416C-95C2-16477081FC1A}.Debug|Any CPU.Build.0 = Debug|Any CPU
		{72FC5A06-632D-416C-95C2-16477081FC1A}.Release|Any CPU.ActiveCfg = Release|Any CPU
		{72FC5A06-632D-416C-95C2-16477081FC1A}.Release|Any CPU.Build.0 = Release|Any CPU
		{EBC40E81-5015-46F0-9304-8527C6258FF0}.Debug|Any CPU.ActiveCfg = Debug|Any CPU
		{EBC40E81-5015-46F0-9304-8527C6258FF0}.Debug|Any CPU.Build.0 = Debug|Any CPU
		{EBC40E81-5015-46F0-9304-8527C6258FF0}.Release|Any CPU.ActiveCfg = Release|Any CPU
		{EBC40E81-5015-46F0-9304-8527C6258FF0}.Release|Any CPU.Build.0 = Release|Any CPU
		{0FE5EB1B-F195-6CF8-145D-21863E2DB0A4}.Debug|Any CPU.ActiveCfg = Debug|Any CPU
		{0FE5EB1B-F195-6CF8-145D-21863E2DB0A4}.Debug|Any CPU.Build.0 = Debug|Any CPU
		{0FE5EB1B-F195-6CF8-145D-21863E2DB0A4}.Release|Any CPU.ActiveCfg = Release|Any CPU
		{0FE5EB1B-F195-6CF8-145D-21863E2DB0A4}.Release|Any CPU.Build.0 = Release|Any CPU
		{AAEAA442-4DCD-2632-729C-DCF3318E0E37}.Debug|Any CPU.ActiveCfg = Debug|Any CPU
		{AAEAA442-4DCD-2632-729C-DCF3318E0E37}.Debug|Any CPU.Build.0 = Debug|Any CPU
		{AAEAA442-4DCD-2632-729C-DCF3318E0E37}.Release|Any CPU.ActiveCfg = Release|Any CPU
		{AAEAA442-4DCD-2632-729C-DCF3318E0E37}.Release|Any CPU.Build.0 = Release|Any CPU
		{A2235633-D85A-0E57-7BEF-150FE3895801}.Debug|Any CPU.ActiveCfg = Debug|Any CPU
		{A2235633-D85A-0E57-7BEF-150FE3895801}.Debug|Any CPU.Build.0 = Debug|Any CPU
		{A2235633-D85A-0E57-7BEF-150FE3895801}.Release|Any CPU.ActiveCfg = Release|Any CPU
		{A2235633-D85A-0E57-7BEF-150FE3895801}.Release|Any CPU.Build.0 = Release|Any CPU
		{AF86F0B9-F523-9333-1E0A-FC47B5E9F47D}.Debug|Any CPU.ActiveCfg = Debug|Any CPU
		{AF86F0B9-F523-9333-1E0A-FC47B5E9F47D}.Debug|Any CPU.Build.0 = Debug|Any CPU
		{AF86F0B9-F523-9333-1E0A-FC47B5E9F47D}.Release|Any CPU.ActiveCfg = Release|Any CPU
		{AF86F0B9-F523-9333-1E0A-FC47B5E9F47D}.Release|Any CPU.Build.0 = Release|Any CPU
		{4B63946E-C13A-4F8A-AF91-1512789084D8}.Debug|Any CPU.ActiveCfg = Debug|Any CPU
		{4B63946E-C13A-4F8A-AF91-1512789084D8}.Debug|Any CPU.Build.0 = Debug|Any CPU
		{4B63946E-C13A-4F8A-AF91-1512789084D8}.Release|Any CPU.ActiveCfg = Release|Any CPU
		{4B63946E-C13A-4F8A-AF91-1512789084D8}.Release|Any CPU.Build.0 = Release|Any CPU
		{77181A0F-03B9-48FB-B25D-841016FF7A0A}.Debug|Any CPU.ActiveCfg = Debug|Any CPU
		{77181A0F-03B9-48FB-B25D-841016FF7A0A}.Debug|Any CPU.Build.0 = Debug|Any CPU
		{77181A0F-03B9-48FB-B25D-841016FF7A0A}.Release|Any CPU.ActiveCfg = Release|Any CPU
		{77181A0F-03B9-48FB-B25D-841016FF7A0A}.Release|Any CPU.Build.0 = Release|Any CPU
		{4249699A-44D3-4569-2A52-95907905F0F8}.Debug|Any CPU.ActiveCfg = Debug|Any CPU
		{4249699A-44D3-4569-2A52-95907905F0F8}.Debug|Any CPU.Build.0 = Debug|Any CPU
		{4249699A-44D3-4569-2A52-95907905F0F8}.Release|Any CPU.ActiveCfg = Release|Any CPU
		{4249699A-44D3-4569-2A52-95907905F0F8}.Release|Any CPU.Build.0 = Release|Any CPU
		{F514DD83-852D-9C21-6270-C40474AAB8C7}.Debug|Any CPU.ActiveCfg = Debug|Any CPU
		{F514DD83-852D-9C21-6270-C40474AAB8C7}.Debug|Any CPU.Build.0 = Debug|Any CPU
		{F514DD83-852D-9C21-6270-C40474AAB8C7}.Release|Any CPU.ActiveCfg = Release|Any CPU
		{F514DD83-852D-9C21-6270-C40474AAB8C7}.Release|Any CPU.Build.0 = Release|Any CPU
		{482CF61D-BE42-F481-2E6F-0C36F4A41069}.Debug|Any CPU.ActiveCfg = Debug|Any CPU
		{482CF61D-BE42-F481-2E6F-0C36F4A41069}.Debug|Any CPU.Build.0 = Debug|Any CPU
		{482CF61D-BE42-F481-2E6F-0C36F4A41069}.Release|Any CPU.ActiveCfg = Release|Any CPU
		{482CF61D-BE42-F481-2E6F-0C36F4A41069}.Release|Any CPU.Build.0 = Release|Any CPU
		{8120DD51-E04B-4403-92B9-8F8BD7B9CF3E}.Debug|Any CPU.ActiveCfg = Debug|Any CPU
		{8120DD51-E04B-4403-92B9-8F8BD7B9CF3E}.Debug|Any CPU.Build.0 = Debug|Any CPU
		{8120DD51-E04B-4403-92B9-8F8BD7B9CF3E}.Release|Any CPU.ActiveCfg = Release|Any CPU
		{8120DD51-E04B-4403-92B9-8F8BD7B9CF3E}.Release|Any CPU.Build.0 = Release|Any CPU
		{E708E19B-8834-4F6A-BC05-0008E605B124}.Debug|Any CPU.ActiveCfg = Debug|Any CPU
		{E708E19B-8834-4F6A-BC05-0008E605B124}.Debug|Any CPU.Build.0 = Debug|Any CPU
		{E708E19B-8834-4F6A-BC05-0008E605B124}.Release|Any CPU.ActiveCfg = Release|Any CPU
		{E708E19B-8834-4F6A-BC05-0008E605B124}.Release|Any CPU.Build.0 = Release|Any CPU
		{8AD9B4DE-2B84-402F-AC17-0ACA06B3460D}.Debug|Any CPU.ActiveCfg = Debug|Any CPU
		{8AD9B4DE-2B84-402F-AC17-0ACA06B3460D}.Debug|Any CPU.Build.0 = Debug|Any CPU
		{8AD9B4DE-2B84-402F-AC17-0ACA06B3460D}.Release|Any CPU.ActiveCfg = Release|Any CPU
		{8AD9B4DE-2B84-402F-AC17-0ACA06B3460D}.Release|Any CPU.Build.0 = Release|Any CPU
		{16BD68A3-30C2-4E12-B514-E5F6EA055A88}.Debug|Any CPU.ActiveCfg = Debug|Any CPU
		{16BD68A3-30C2-4E12-B514-E5F6EA055A88}.Debug|Any CPU.Build.0 = Debug|Any CPU
		{16BD68A3-30C2-4E12-B514-E5F6EA055A88}.Release|Any CPU.ActiveCfg = Release|Any CPU
		{16BD68A3-30C2-4E12-B514-E5F6EA055A88}.Release|Any CPU.Build.0 = Release|Any CPU
		{E27A2823-2BE8-48C2-9C47-0ABF0FB60A0A}.Debug|Any CPU.ActiveCfg = Debug|Any CPU
		{E27A2823-2BE8-48C2-9C47-0ABF0FB60A0A}.Debug|Any CPU.Build.0 = Debug|Any CPU
		{E27A2823-2BE8-48C2-9C47-0ABF0FB60A0A}.Release|Any CPU.ActiveCfg = Release|Any CPU
		{E27A2823-2BE8-48C2-9C47-0ABF0FB60A0A}.Release|Any CPU.Build.0 = Release|Any CPU
		{E4450726-613E-4C6A-9DCA-E0607A87F60F}.Debug|Any CPU.ActiveCfg = Debug|Any CPU
		{E4450726-613E-4C6A-9DCA-E0607A87F60F}.Debug|Any CPU.Build.0 = Debug|Any CPU
		{E4450726-613E-4C6A-9DCA-E0607A87F60F}.Release|Any CPU.ActiveCfg = Release|Any CPU
		{E4450726-613E-4C6A-9DCA-E0607A87F60F}.Release|Any CPU.Build.0 = Release|Any CPU
		{95B53C3A-24DB-4FD6-A67C-9D4049190AFB}.Debug|Any CPU.ActiveCfg = Debug|Any CPU
		{95B53C3A-24DB-4FD6-A67C-9D4049190AFB}.Debug|Any CPU.Build.0 = Debug|Any CPU
		{95B53C3A-24DB-4FD6-A67C-9D4049190AFB}.Release|Any CPU.ActiveCfg = Release|Any CPU
		{95B53C3A-24DB-4FD6-A67C-9D4049190AFB}.Release|Any CPU.Build.0 = Release|Any CPU
		{5D54AB8D-CB05-4FED-A27A-842119D651C0}.Debug|Any CPU.ActiveCfg = Debug|Any CPU
		{5D54AB8D-CB05-4FED-A27A-842119D651C0}.Debug|Any CPU.Build.0 = Debug|Any CPU
		{5D54AB8D-CB05-4FED-A27A-842119D651C0}.Release|Any CPU.ActiveCfg = Release|Any CPU
		{5D54AB8D-CB05-4FED-A27A-842119D651C0}.Release|Any CPU.Build.0 = Release|Any CPU
		{31ADB18F-C7F4-4E4D-AACF-9DF18E8735C8}.Debug|Any CPU.ActiveCfg = Debug|Any CPU
		{31ADB18F-C7F4-4E4D-AACF-9DF18E8735C8}.Debug|Any CPU.Build.0 = Debug|Any CPU
		{31ADB18F-C7F4-4E4D-AACF-9DF18E8735C8}.Release|Any CPU.ActiveCfg = Release|Any CPU
		{31ADB18F-C7F4-4E4D-AACF-9DF18E8735C8}.Release|Any CPU.Build.0 = Release|Any CPU
		{E8410B91-0E22-4BFA-9DC1-C8A27F306F99}.Debug|Any CPU.ActiveCfg = Debug|Any CPU
		{E8410B91-0E22-4BFA-9DC1-C8A27F306F99}.Debug|Any CPU.Build.0 = Debug|Any CPU
		{E8410B91-0E22-4BFA-9DC1-C8A27F306F99}.Release|Any CPU.ActiveCfg = Release|Any CPU
		{E8410B91-0E22-4BFA-9DC1-C8A27F306F99}.Release|Any CPU.Build.0 = Release|Any CPU
		{BD5B853F-ED0B-4DC3-878A-861EF97F988E}.Debug|Any CPU.ActiveCfg = Debug|Any CPU
		{BD5B853F-ED0B-4DC3-878A-861EF97F988E}.Debug|Any CPU.Build.0 = Debug|Any CPU
		{BD5B853F-ED0B-4DC3-878A-861EF97F988E}.Release|Any CPU.ActiveCfg = Release|Any CPU
		{BD5B853F-ED0B-4DC3-878A-861EF97F988E}.Release|Any CPU.Build.0 = Release|Any CPU
		{C3213813-62CE-4022-BE61-BCBF73E6F708}.Debug|Any CPU.ActiveCfg = Debug|Any CPU
		{C3213813-62CE-4022-BE61-BCBF73E6F708}.Debug|Any CPU.Build.0 = Debug|Any CPU
		{C3213813-62CE-4022-BE61-BCBF73E6F708}.Release|Any CPU.ActiveCfg = Release|Any CPU
		{C3213813-62CE-4022-BE61-BCBF73E6F708}.Release|Any CPU.Build.0 = Release|Any CPU
		{3642C729-7AAF-4495-87F5-EF1D771653D6}.Debug|Any CPU.ActiveCfg = Debug|Any CPU
		{3642C729-7AAF-4495-87F5-EF1D771653D6}.Debug|Any CPU.Build.0 = Debug|Any CPU
		{3642C729-7AAF-4495-87F5-EF1D771653D6}.Release|Any CPU.ActiveCfg = Release|Any CPU
		{3642C729-7AAF-4495-87F5-EF1D771653D6}.Release|Any CPU.Build.0 = Release|Any CPU
		{B6D8C99F-9CAD-444D-93B7-E665678A8E98}.Debug|Any CPU.ActiveCfg = Debug|Any CPU
		{B6D8C99F-9CAD-444D-93B7-E665678A8E98}.Debug|Any CPU.Build.0 = Debug|Any CPU
		{B6D8C99F-9CAD-444D-93B7-E665678A8E98}.Release|Any CPU.ActiveCfg = Release|Any CPU
		{B6D8C99F-9CAD-444D-93B7-E665678A8E98}.Release|Any CPU.Build.0 = Release|Any CPU
		{AF32AB33-25A9-4C09-8821-EDAF16058659}.Debug|Any CPU.ActiveCfg = Debug|Any CPU
		{AF32AB33-25A9-4C09-8821-EDAF16058659}.Debug|Any CPU.Build.0 = Debug|Any CPU
		{AF32AB33-25A9-4C09-8821-EDAF16058659}.Release|Any CPU.ActiveCfg = Release|Any CPU
		{AF32AB33-25A9-4C09-8821-EDAF16058659}.Release|Any CPU.Build.0 = Release|Any CPU
		{B7B4F2B2-9A7F-4DC6-AAE2-CCB2F7737535}.Debug|Any CPU.ActiveCfg = Debug|Any CPU
		{B7B4F2B2-9A7F-4DC6-AAE2-CCB2F7737535}.Debug|Any CPU.Build.0 = Debug|Any CPU
		{B7B4F2B2-9A7F-4DC6-AAE2-CCB2F7737535}.Release|Any CPU.ActiveCfg = Release|Any CPU
		{B7B4F2B2-9A7F-4DC6-AAE2-CCB2F7737535}.Release|Any CPU.Build.0 = Release|Any CPU
		{31DDE4B6-F223-4C58-BD14-132B2D7FC8DF}.Debug|Any CPU.ActiveCfg = Debug|Any CPU
		{31DDE4B6-F223-4C58-BD14-132B2D7FC8DF}.Debug|Any CPU.Build.0 = Debug|Any CPU
		{31DDE4B6-F223-4C58-BD14-132B2D7FC8DF}.Release|Any CPU.ActiveCfg = Release|Any CPU
		{31DDE4B6-F223-4C58-BD14-132B2D7FC8DF}.Release|Any CPU.Build.0 = Release|Any CPU
		{2D2DC9E0-C74E-4B48-B8DC-61AB6EEB9930}.Debug|Any CPU.ActiveCfg = Debug|Any CPU
		{2D2DC9E0-C74E-4B48-B8DC-61AB6EEB9930}.Debug|Any CPU.Build.0 = Debug|Any CPU
		{2D2DC9E0-C74E-4B48-B8DC-61AB6EEB9930}.Release|Any CPU.ActiveCfg = Release|Any CPU
		{2D2DC9E0-C74E-4B48-B8DC-61AB6EEB9930}.Release|Any CPU.Build.0 = Release|Any CPU
		{B8704B94-0A24-487A-AB00-FDCFA5FBF084}.Debug|Any CPU.ActiveCfg = Debug|Any CPU
		{B8704B94-0A24-487A-AB00-FDCFA5FBF084}.Debug|Any CPU.Build.0 = Debug|Any CPU
		{B8704B94-0A24-487A-AB00-FDCFA5FBF084}.Release|Any CPU.ActiveCfg = Release|Any CPU
		{B8704B94-0A24-487A-AB00-FDCFA5FBF084}.Release|Any CPU.Build.0 = Release|Any CPU
		{E39DDAEE-CB97-47BB-B600-8E2FFB8E89C7}.Debug|Any CPU.ActiveCfg = Debug|Any CPU
		{E39DDAEE-CB97-47BB-B600-8E2FFB8E89C7}.Debug|Any CPU.Build.0 = Debug|Any CPU
		{E39DDAEE-CB97-47BB-B600-8E2FFB8E89C7}.Release|Any CPU.ActiveCfg = Release|Any CPU
		{E39DDAEE-CB97-47BB-B600-8E2FFB8E89C7}.Release|Any CPU.Build.0 = Release|Any CPU
		{D6CD1423-2505-4E28-9F4C-84F07B81E8AC}.Debug|Any CPU.ActiveCfg = Debug|Any CPU
		{D6CD1423-2505-4E28-9F4C-84F07B81E8AC}.Debug|Any CPU.Build.0 = Debug|Any CPU
		{D6CD1423-2505-4E28-9F4C-84F07B81E8AC}.Release|Any CPU.ActiveCfg = Release|Any CPU
		{D6CD1423-2505-4E28-9F4C-84F07B81E8AC}.Release|Any CPU.Build.0 = Release|Any CPU
		{6D45613F-FFD9-45B9-843A-829C52D6E51A}.Debug|Any CPU.ActiveCfg = Debug|Any CPU
		{6D45613F-FFD9-45B9-843A-829C52D6E51A}.Debug|Any CPU.Build.0 = Debug|Any CPU
		{6D45613F-FFD9-45B9-843A-829C52D6E51A}.Release|Any CPU.ActiveCfg = Release|Any CPU
		{6D45613F-FFD9-45B9-843A-829C52D6E51A}.Release|Any CPU.Build.0 = Release|Any CPU
		{ABD0DDA9-B791-4BFC-99B1-B7E4D828965F}.Debug|Any CPU.ActiveCfg = Debug|Any CPU
		{ABD0DDA9-B791-4BFC-99B1-B7E4D828965F}.Debug|Any CPU.Build.0 = Debug|Any CPU
		{ABD0DDA9-B791-4BFC-99B1-B7E4D828965F}.Release|Any CPU.ActiveCfg = Release|Any CPU
		{ABD0DDA9-B791-4BFC-99B1-B7E4D828965F}.Release|Any CPU.Build.0 = Release|Any CPU
		{578F0E0A-04EB-4365-919D-8B20954F44EA}.Debug|Any CPU.ActiveCfg = Debug|Any CPU
		{578F0E0A-04EB-4365-919D-8B20954F44EA}.Debug|Any CPU.Build.0 = Debug|Any CPU
		{578F0E0A-04EB-4365-919D-8B20954F44EA}.Release|Any CPU.ActiveCfg = Release|Any CPU
		{578F0E0A-04EB-4365-919D-8B20954F44EA}.Release|Any CPU.Build.0 = Release|Any CPU
	EndGlobalSection
	GlobalSection(SolutionProperties) = preSolution
		HideSolutionNode = FALSE
	EndGlobalSection
	GlobalSection(NestedProjects) = preSolution
		{94720F82-6786-42E0-83E2-337F6BF6D39E} = {02EA681E-C7D8-13C7-8484-4AC65E1B71E8}
		{EBC40E81-5015-46F0-9304-8527C6258FF0} = {BAC901E3-C73B-4323-9CE8-F532BF6EE9B2}
		{0FE5EB1B-F195-6CF8-145D-21863E2DB0A4} = {BAC901E3-C73B-4323-9CE8-F532BF6EE9B2}
		{AAEAA442-4DCD-2632-729C-DCF3318E0E37} = {BAC901E3-C73B-4323-9CE8-F532BF6EE9B2}
		{A2235633-D85A-0E57-7BEF-150FE3895801} = {BAC901E3-C73B-4323-9CE8-F532BF6EE9B2}
		{AF86F0B9-F523-9333-1E0A-FC47B5E9F47D} = {BAC901E3-C73B-4323-9CE8-F532BF6EE9B2}
		{4B63946E-C13A-4F8A-AF91-1512789084D8} = {BAC901E3-C73B-4323-9CE8-F532BF6EE9B2}
		{77181A0F-03B9-48FB-B25D-841016FF7A0A} = {9B381684-787D-4BAF-9355-8E3DA7B7B006}
		{4249699A-44D3-4569-2A52-95907905F0F8} = {364E8A57-0650-4EC5-B1DB-3454153B97DC}
		{F514DD83-852D-9C21-6270-C40474AAB8C7} = {364E8A57-0650-4EC5-B1DB-3454153B97DC}
		{482CF61D-BE42-F481-2E6F-0C36F4A41069} = {364E8A57-0650-4EC5-B1DB-3454153B97DC}
		{8120DD51-E04B-4403-92B9-8F8BD7B9CF3E} = {9B381684-787D-4BAF-9355-8E3DA7B7B006}
		{E708E19B-8834-4F6A-BC05-0008E605B124} = {9B381684-787D-4BAF-9355-8E3DA7B7B006}
		{8AD9B4DE-2B84-402F-AC17-0ACA06B3460D} = {9B381684-787D-4BAF-9355-8E3DA7B7B006}
		{95B53C3A-24DB-4FD6-A67C-9D4049190AFB} = {EB831EF6-7C27-4480-8664-108932ABADA2}
		{31ADB18F-C7F4-4E4D-AACF-9DF18E8735C8} = {EB831EF6-7C27-4480-8664-108932ABADA2}
		{C3213813-62CE-4022-BE61-BCBF73E6F708} = {64609468-6933-45BE-B694-F09FF18EC3EB}
		{31DDE4B6-F223-4C58-BD14-132B2D7FC8DF} = {868167B6-A22E-4919-81FB-4ECC71206A60}
		{E39DDAEE-CB97-47BB-B600-8E2FFB8E89C7} = {5BA9F289-C57E-49F3-88DA-E87CB157CF42}
		{D6CD1423-2505-4E28-9F4C-84F07B81E8AC} = {5BA9F289-C57E-49F3-88DA-E87CB157CF42}
		{578F0E0A-04EB-4365-919D-8B20954F44EA} = {5BA9F289-C57E-49F3-88DA-E87CB157CF42}
	EndGlobalSection
	GlobalSection(ExtensibilityGlobals) = postSolution
		SolutionGuid = {96C53AE3-17A0-460F-A7D1-99CD63815F6C}
	EndGlobalSection
EndGlobal
