
Microsoft Visual Studio Solution File, Format Version 12.00
# Visual Studio Version 17
VisualStudioVersion = 17.14.36202.13
MinimumVisualStudioVersion = 10.0.40219.1
Project("{FAE04EC0-301F-11D3-BF4B-00C04F79EFBC}") = "HelloWorld", "HelloWorld\HelloWorld.csproj", "{91F8FBA7-7DC8-4C75-975E-3ED239176783}"
EndProject
Project("{FAE04EC0-301F-11D3-BF4B-00C04F79EFBC}") = "02_Varibalen", "02_Varibalen\02_Varibalen.csproj", "{929DC827-B9CA-4BD9-8F21-A75107676CD8}"
EndProject
Project("{FAE04EC0-301F-11D3-BF4B-00C04F79EFBC}") = "03_UserInteraction", "03_UserInteraction\03_UserInteraction.csproj", "{A22CF310-1DCD-496F-883A-8927A33E1D49}"
EndProject
Project("{FAE04EC0-301F-11D3-BF4B-00C04F79EFBC}") = "04_Casting_und_Umwandlung", "04_Casting_und_Umwandlung\04_Casting_und_Umwandlung.csproj", "{16E03A36-6141-4220-A268-05248B9D21CD}"
EndProject
Project("{2150E333-8FDC-42A3-9474-1A3956D46DE8}") = "RandNotizen", "RandNotizen", "{02EA681E-C7D8-13C7-8484-4AC65E1B71E8}"
EndProject
Project("{FAE04EC0-301F-11D3-BF4B-00C04F79EFBC}") = "04_Casting_Notes", "04_Casting_Notes\04_Casting_Notes.csproj", "{94720F82-6786-42E0-83E2-337F6BF6D39E}"
EndProject
Project("{FAE04EC0-301F-11D3-BF4B-00C04F79EFBC}") = "05_Verzweigungen", "05_Verzweigungen\05_Verzweigungen.csproj", "{72FC5A06-632D-416C-95C2-16477081FC1A}"
EndProject
Project("{FAE04EC0-301F-11D3-BF4B-00C04F79EFBC}") = "05_Verzweigungen_Aufgabe_Dateitypen_GPT", "05_Verzweigungen_Aufgabe_Dateitypen\05_Verzweigungen_Aufgabe_Dateitypen_GPT.csproj", "{7818172D-B75F-4624-882F-93646326FB56}"
EndProject
Project("{FAE04EC0-301F-11D3-BF4B-00C04F79EFBC}") = "05_Verzweigungen_Aufgabe_Dateitypen_", "05_Verzweigungen_Aufgabe_Dateitypen_\05_Verzweigungen_Aufgabe_Dateitypen_.csproj", "{E913C1E0-79F7-4ACA-A1D0-980DD5A62358}"
EndProject
Global
	GlobalSection(SolutionConfigurationPlatforms) = preSolution
		Debug|Any CPU = Debug|Any CPU
		Release|Any CPU = Release|Any CPU
	EndGlobalSection
	GlobalSection(ProjectConfigurationPlatforms) = postSolution
		{91F8FBA7-7DC8-4C75-975E-3ED239176783}.Debug|Any CPU.ActiveCfg = Debug|Any CPU
		{91F8FBA7-7DC8-4C75-975E-3ED239176783}.Debug|Any CPU.Build.0 = Debug|Any CPU
		{91F8FBA7-7DC8-4C75-975E-3ED239176783}.Release|Any CPU.ActiveCfg = Release|Any CPU
		{91F8FBA7-7DC8-4C75-975E-3ED239176783}.Release|Any CPU.Build.0 = Release|Any CPU
		{929DC827-B9CA-4BD9-8F21-A75107676CD8}.Debug|Any CPU.ActiveCfg = Debug|Any CPU
		{929DC827-B9CA-4BD9-8F21-A75107676CD8}.Debug|Any CPU.Build.0 = Debug|Any CPU
		{929DC827-B9CA-4BD9-8F21-A75107676CD8}.Release|Any CPU.ActiveCfg = Release|Any CPU
		{929DC827-B9CA-4BD9-8F21-A75107676CD8}.Release|Any CPU.Build.0 = Release|Any CPU
		{A22CF310-1DCD-496F-883A-8927A33E1D49}.Debug|Any CPU.ActiveCfg = Debug|Any CPU
		{A22CF310-1DCD-496F-883A-8927A33E1D49}.Debug|Any CPU.Build.0 = Debug|Any CPU
		{A22CF310-1DCD-496F-883A-8927A33E1D49}.Release|Any CPU.ActiveCfg = Release|Any CPU
		{A22CF310-1DCD-496F-883A-8927A33E1D49}.Release|Any CPU.Build.0 = Release|Any CPU
		{16E03A36-6141-4220-A268-05248B9D21CD}.Debug|Any CPU.ActiveCfg = Debug|Any CPU
		{16E03A36-6141-4220-A268-05248B9D21CD}.Debug|Any CPU.Build.0 = Debug|Any CPU
		{16E03A36-6141-4220-A268-05248B9D21CD}.Release|Any CPU.ActiveCfg = Release|Any CPU
		{16E03A36-6141-4220-A268-05248B9D21CD}.Release|Any CPU.Build.0 = Release|Any CPU
		{94720F82-6786-42E0-83E2-337F6BF6D39E}.Debug|Any CPU.ActiveCfg = Debug|Any CPU
		{94720F82-6786-42E0-83E2-337F6BF6D39E}.Debug|Any CPU.Build.0 = Debug|Any CPU
		{94720F82-6786-42E0-83E2-337F6BF6D39E}.Release|Any CPU.ActiveCfg = Release|Any CPU
		{94720F82-6786-42E0-83E2-337F6BF6D39E}.Release|Any CPU.Build.0 = Release|Any CPU
		{72FC5A06-632D-416C-95C2-16477081FC1A}.Debug|Any CPU.ActiveCfg = Debug|Any CPU
		{72FC5A06-632D-416C-95C2-16477081FC1A}.Debug|Any CPU.Build.0 = Debug|Any CPU
		{72FC5A06-632D-416C-95C2-16477081FC1A}.Release|Any CPU.ActiveCfg = Release|Any CPU
		{72FC5A06-632D-416C-95C2-16477081FC1A}.Release|Any CPU.Build.0 = Release|Any CPU
		{7818172D-B75F-4624-882F-93646326FB56}.Debug|Any CPU.ActiveCfg = Debug|Any CPU
		{7818172D-B75F-4624-882F-93646326FB56}.Debug|Any CPU.Build.0 = Debug|Any CPU
		{7818172D-B75F-4624-882F-93646326FB56}.Release|Any CPU.ActiveCfg = Release|Any CPU
		{7818172D-B75F-4624-882F-93646326FB56}.Release|Any CPU.Build.0 = Release|Any CPU
		{E913C1E0-79F7-4ACA-A1D0-980DD5A62358}.Debug|Any CPU.ActiveCfg = Debug|Any CPU
		{E913C1E0-79F7-4ACA-A1D0-980DD5A62358}.Debug|Any CPU.Build.0 = Debug|Any CPU
		{E913C1E0-79F7-4ACA-A1D0-980DD5A62358}.Release|Any CPU.ActiveCfg = Release|Any CPU
		{E913C1E0-79F7-4ACA-A1D0-980DD5A62358}.Release|Any CPU.Build.0 = Release|Any CPU
	EndGlobalSection
	GlobalSection(SolutionProperties) = preSolution
		HideSolutionNode = FALSE
	EndGlobalSection
	GlobalSection(NestedProjects) = preSolution
		{94720F82-6786-42E0-83E2-337F6BF6D39E} = {02EA681E-C7D8-13C7-8484-4AC65E1B71E8}
	EndGlobalSection
	GlobalSection(ExtensibilityGlobals) = postSolution
		SolutionGuid = {96C53AE3-17A0-460F-A7D1-99CD63815F6C}
	EndGlobalSection
EndGlobal
